
Microsoft Visual Studio Solution File, Format Version 12.00
# Visual Studio Version 17
VisualStudioVersion = 17.1.32228.430
MinimumVisualStudioVersion = 10.0.40219.1
Project("{9A19103F-16F7-4668-BE54-9A1E7A4F7556}") = "WebAPI", "WebAPI\WebAPI.csproj", "{FDDEC524-3A19-45BA-A6D5-D8FB3D1D77B8}"
EndProject
Project("{9A19103F-16F7-4668-BE54-9A1E7A4F7556}") = "Contracts", "Contracts\Contracts.csproj", "{42E183CF-41DE-434A-94B1-9FE3537D792D}"
EndProject
Project("{9A19103F-16F7-4668-BE54-9A1E7A4F7556}") = "LoggerService", "LoggerService\LoggerService.csproj", "{84470879-323E-4372-877F-F2D40E04B29E}"
EndProject
Project("{9A19103F-16F7-4668-BE54-9A1E7A4F7556}") = "Entities", "Entities\Entities.csproj", "{0B0CBC0E-BE82-4D2D-AD58-92F30F50ED00}"
EndProject
Project("{9A19103F-16F7-4668-BE54-9A1E7A4F7556}") = "Repository", "Repository\Repository.csproj", "{2A0F02EB-08EA-46AF-9F5F-95298B15843D}"
EndProject
Global
	GlobalSection(SolutionConfigurationPlatforms) = preSolution
		Debug|Any CPU = Debug|Any CPU
		Release|Any CPU = Release|Any CPU
	EndGlobalSection
	GlobalSection(ProjectConfigurationPlatforms) = postSolution
		{FDDEC524-3A19-45BA-A6D5-D8FB3D1D77B8}.Debug|Any CPU.ActiveCfg = Debug|Any CPU
		{FDDEC524-3A19-45BA-A6D5-D8FB3D1D77B8}.Debug|Any CPU.Build.0 = Debug|Any CPU
		{FDDEC524-3A19-45BA-A6D5-D8FB3D1D77B8}.Release|Any CPU.ActiveCfg = Release|Any CPU
		{FDDEC524-3A19-45BA-A6D5-D8FB3D1D77B8}.Release|Any CPU.Build.0 = Release|Any CPU
		{42E183CF-41DE-434A-94B1-9FE3537D792D}.Debug|Any CPU.ActiveCfg = Debug|Any CPU
		{42E183CF-41DE-434A-94B1-9FE3537D792D}.Debug|Any CPU.Build.0 = Debug|Any CPU
		{42E183CF-41DE-434A-94B1-9FE3537D792D}.Release|Any CPU.ActiveCfg = Release|Any CPU
		{42E183CF-41DE-434A-94B1-9FE3537D792D}.Release|Any CPU.Build.0 = Release|Any CPU
		{84470879-323E-4372-877F-F2D40E04B29E}.Debug|Any CPU.ActiveCfg = Debug|Any CPU
		{84470879-323E-4372-877F-F2D40E04B29E}.Debug|Any CPU.Build.0 = Debug|Any CPU
		{84470879-323E-4372-877F-F2D40E04B29E}.Release|Any CPU.ActiveCfg = Release|Any CPU
		{84470879-323E-4372-877F-F2D40E04B29E}.Release|Any CPU.Build.0 = Release|Any CPU
		{0B0CBC0E-BE82-4D2D-AD58-92F30F50ED00}.Debug|Any CPU.ActiveCfg = Debug|Any CPU
		{0B0CBC0E-BE82-4D2D-AD58-92F30F50ED00}.Debug|Any CPU.Build.0 = Debug|Any CPU
		{0B0CBC0E-BE82-4D2D-AD58-92F30F50ED00}.Release|Any CPU.ActiveCfg = Release|Any CPU
		{0B0CBC0E-BE82-4D2D-AD58-92F30F50ED00}.Release|Any CPU.Build.0 = Release|Any CPU
		{2A0F02EB-08EA-46AF-9F5F-95298B15843D}.Debug|Any CPU.ActiveCfg = Debug|Any CPU
		{2A0F02EB-08EA-46AF-9F5F-95298B15843D}.Debug|Any CPU.Build.0 = Debug|Any CPU
		{2A0F02EB-08EA-46AF-9F5F-95298B15843D}.Release|Any CPU.ActiveCfg = Release|Any CPU
		{2A0F02EB-08EA-46AF-9F5F-95298B15843D}.Release|Any CPU.Build.0 = Release|Any CPU
	EndGlobalSection
	GlobalSection(SolutionProperties) = preSolution
		HideSolutionNode = FALSE
	EndGlobalSection
	GlobalSection(ExtensibilityGlobals) = postSolution
		SolutionGuid = {7F181D45-D04D-416D-90A5-5098D8301558}
	EndGlobalSection
EndGlobal
